
Microsoft Visual Studio Solution File, Format Version 12.00
# Visual Studio Version 16
VisualStudioVersion = 16.0.31205.134
MinimumVisualStudioVersion = 10.0.40219.1
Project("{FAE04EC0-301F-11D3-BF4B-00C04F79EFBC}") = "PrintTimesTable", "PrintTimesTable\PrintTimesTable.csproj", "{C7FEAE81-336B-45C3-BF5C-EDBA61F58779}"
EndProject
Global
	GlobalSection(SolutionConfigurationPlatforms) = preSolution
		Debug|Any CPU = Debug|Any CPU
		Release|Any CPU = Release|Any CPU
	EndGlobalSection
	GlobalSection(ProjectConfigurationPlatforms) = postSolution
		{C7FEAE81-336B-45C3-BF5C-EDBA61F58779}.Debug|Any CPU.ActiveCfg = Debug|Any CPU
		{C7FEAE81-336B-45C3-BF5C-EDBA61F58779}.Debug|Any CPU.Build.0 = Debug|Any CPU
		{C7FEAE81-336B-45C3-BF5C-EDBA61F58779}.Release|Any CPU.ActiveCfg = Release|Any CPU
		{C7FEAE81-336B-45C3-BF5C-EDBA61F58779}.Release|Any CPU.Build.0 = Release|Any CPU
	EndGlobalSection
	GlobalSection(SolutionProperties) = preSolution
		HideSolutionNode = FALSE
	EndGlobalSection
	GlobalSection(ExtensibilityGlobals) = postSolution
		SolutionGuid = {044747E5-9E53-4A6D-8506-8733A2859E9B}
	EndGlobalSection
EndGlobal
